
Microsoft Visual Studio Solution File, Format Version 12.00
# Visual Studio Version 17
VisualStudioVersion = 17.5.33516.290
MinimumVisualStudioVersion = 10.0.40219.1
Project("{FAE04EC0-301F-11D3-BF4B-00C04F79EFBC}") = "01_filehandling", "01_filehandling\01_filehandling.csproj", "{789E98EA-73A1-4BE8-BCF9-33A71CAA8AC4}"
EndProject
Project("{FAE04EC0-301F-11D3-BF4B-00C04F79EFBC}") = "02_filereadwrite", "02_filereadwrite\02_filereadwrite.csproj", "{5BFCCCB6-EB40-40EF-B48A-FBB74C79C90D}"
EndProject
Project("{FAE04EC0-301F-11D3-BF4B-00C04F79EFBC}") = "03_Notepad", "03_Notepad\03_Notepad.csproj", "{5718536D-80F5-4ECB-96F3-78C3FFE4037C}"
EndProject
Global
	GlobalSection(SolutionConfigurationPlatforms) = preSolution
		Debug|Any CPU = Debug|Any CPU
		Release|Any CPU = Release|Any CPU
	EndGlobalSection
	GlobalSection(ProjectConfigurationPlatforms) = postSolution
		{789E98EA-73A1-4BE8-BCF9-33A71CAA8AC4}.Debug|Any CPU.ActiveCfg = Debug|Any CPU
		{789E98EA-73A1-4BE8-BCF9-33A71CAA8AC4}.Debug|Any CPU.Build.0 = Debug|Any CPU
		{789E98EA-73A1-4BE8-BCF9-33A71CAA8AC4}.Release|Any CPU.ActiveCfg = Release|Any CPU
		{789E98EA-73A1-4BE8-BCF9-33A71CAA8AC4}.Release|Any CPU.Build.0 = Release|Any CPU
		{5BFCCCB6-EB40-40EF-B48A-FBB74C79C90D}.Debug|Any CPU.ActiveCfg = Debug|Any CPU
		{5BFCCCB6-EB40-40EF-B48A-FBB74C79C90D}.Debug|Any CPU.Build.0 = Debug|Any CPU
		{5BFCCCB6-EB40-40EF-B48A-FBB74C79C90D}.Release|Any CPU.ActiveCfg = Release|Any CPU
		{5BFCCCB6-EB40-40EF-B48A-FBB74C79C90D}.Release|Any CPU.Build.0 = Release|Any CPU
		{5718536D-80F5-4ECB-96F3-78C3FFE4037C}.Debug|Any CPU.ActiveCfg = Debug|Any CPU
		{5718536D-80F5-4ECB-96F3-78C3FFE4037C}.Debug|Any CPU.Build.0 = Debug|Any CPU
		{5718536D-80F5-4ECB-96F3-78C3FFE4037C}.Release|Any CPU.ActiveCfg = Release|Any CPU
		{5718536D-80F5-4ECB-96F3-78C3FFE4037C}.Release|Any CPU.Build.0 = Release|Any CPU
	EndGlobalSection
	GlobalSection(SolutionProperties) = preSolution
		HideSolutionNode = FALSE
	EndGlobalSection
	GlobalSection(ExtensibilityGlobals) = postSolution
		SolutionGuid = {DB5D7F0F-F2AD-46C3-ACFF-B271236E3231}
	EndGlobalSection
EndGlobal
