
Microsoft Visual Studio Solution File, Format Version 12.00
# Visual Studio Version 17
VisualStudioVersion = 17.5.33516.290
MinimumVisualStudioVersion = 10.0.40219.1
Project("{FAE04EC0-301F-11D3-BF4B-00C04F79EFBC}") = "01_dbhandling", "dbhandling\01_dbhandling.csproj", "{D46353CB-1900-4944-BE5E-5ACE4387A796}"
EndProject
Project("{FAE04EC0-301F-11D3-BF4B-00C04F79EFBC}") = "02_mysqlhandling", "02_mysqlhandling\02_mysqlhandling.csproj", "{5D43EEAD-DDA7-4D3D-B1FD-75E84794E58F}"
EndProject
Project("{FAE04EC0-301F-11D3-BF4B-00C04F79EFBC}") = "03_mditest", "03_mditest\03_mditest.csproj", "{CA8AEA25-2923-4AE9-9948-654870AD50FB}"
EndProject
Global
	GlobalSection(SolutionConfigurationPlatforms) = preSolution
		Debug|Any CPU = Debug|Any CPU
		Release|Any CPU = Release|Any CPU
	EndGlobalSection
	GlobalSection(ProjectConfigurationPlatforms) = postSolution
		{D46353CB-1900-4944-BE5E-5ACE4387A796}.Debug|Any CPU.ActiveCfg = Debug|Any CPU
		{D46353CB-1900-4944-BE5E-5ACE4387A796}.Debug|Any CPU.Build.0 = Debug|Any CPU
		{D46353CB-1900-4944-BE5E-5ACE4387A796}.Release|Any CPU.ActiveCfg = Release|Any CPU
		{D46353CB-1900-4944-BE5E-5ACE4387A796}.Release|Any CPU.Build.0 = Release|Any CPU
		{5D43EEAD-DDA7-4D3D-B1FD-75E84794E58F}.Debug|Any CPU.ActiveCfg = Debug|Any CPU
		{5D43EEAD-DDA7-4D3D-B1FD-75E84794E58F}.Debug|Any CPU.Build.0 = Debug|Any CPU
		{5D43EEAD-DDA7-4D3D-B1FD-75E84794E58F}.Release|Any CPU.ActiveCfg = Release|Any CPU
		{5D43EEAD-DDA7-4D3D-B1FD-75E84794E58F}.Release|Any CPU.Build.0 = Release|Any CPU
		{CA8AEA25-2923-4AE9-9948-654870AD50FB}.Debug|Any CPU.ActiveCfg = Debug|Any CPU
		{CA8AEA25-2923-4AE9-9948-654870AD50FB}.Debug|Any CPU.Build.0 = Debug|Any CPU
		{CA8AEA25-2923-4AE9-9948-654870AD50FB}.Release|Any CPU.ActiveCfg = Release|Any CPU
		{CA8AEA25-2923-4AE9-9948-654870AD50FB}.Release|Any CPU.Build.0 = Release|Any CPU
	EndGlobalSection
	GlobalSection(SolutionProperties) = preSolution
		HideSolutionNode = FALSE
	EndGlobalSection
	GlobalSection(ExtensibilityGlobals) = postSolution
		SolutionGuid = {D457394E-31E1-4DD1-ABA2-C9DE7417AB01}
	EndGlobalSection
EndGlobal
