
Microsoft Visual Studio Solution File, Format Version 12.00
# Visual Studio Version 17
VisualStudioVersion = 17.5.33516.290
MinimumVisualStudioVersion = 10.0.40219.1
Project("{FAE04EC0-301F-11D3-BF4B-00C04F79EFBC}") = "dbhandling1", "dbhandling1\dbhandling1.csproj", "{DB8B9BA0-737F-4C97-AD06-CB6BE13F3FD5}"
EndProject
Global
	GlobalSection(SolutionConfigurationPlatforms) = preSolution
		Debug|Any CPU = Debug|Any CPU
		Release|Any CPU = Release|Any CPU
	EndGlobalSection
	GlobalSection(ProjectConfigurationPlatforms) = postSolution
		{DB8B9BA0-737F-4C97-AD06-CB6BE13F3FD5}.Debug|Any CPU.ActiveCfg = Debug|Any CPU
		{DB8B9BA0-737F-4C97-AD06-CB6BE13F3FD5}.Debug|Any CPU.Build.0 = Debug|Any CPU
		{DB8B9BA0-737F-4C97-AD06-CB6BE13F3FD5}.Release|Any CPU.ActiveCfg = Release|Any CPU
		{DB8B9BA0-737F-4C97-AD06-CB6BE13F3FD5}.Release|Any CPU.Build.0 = Release|Any CPU
	EndGlobalSection
	GlobalSection(SolutionProperties) = preSolution
		HideSolutionNode = FALSE
	EndGlobalSection
	GlobalSection(ExtensibilityGlobals) = postSolution
		SolutionGuid = {11B5FAD3-737E-4A27-A920-D9B8C3870996}
	EndGlobalSection
EndGlobal
