
Microsoft Visual Studio Solution File, Format Version 12.00
# Visual Studio Version 17
VisualStudioVersion = 17.5.33516.290
MinimumVisualStudioVersion = 10.0.40219.1
Project("{FAE04EC0-301F-11D3-BF4B-00C04F79EFBC}") = "01_winforms_thread", "01_winforms_thread\01_winforms_thread.csproj", "{85FCC0AB-E38A-4803-B4A0-D536E2D8E878}"
EndProject
Project("{FAE04EC0-301F-11D3-BF4B-00C04F79EFBC}") = "02_bookrentalshop", "02_bookrentalshop\02_bookrentalshop.csproj", "{234A11A4-3056-4C7F-8F32-AE647034C564}"
EndProject
Global
	GlobalSection(SolutionConfigurationPlatforms) = preSolution
		Debug|Any CPU = Debug|Any CPU
		Release|Any CPU = Release|Any CPU
	EndGlobalSection
	GlobalSection(ProjectConfigurationPlatforms) = postSolution
		{85FCC0AB-E38A-4803-B4A0-D536E2D8E878}.Debug|Any CPU.ActiveCfg = Debug|Any CPU
		{85FCC0AB-E38A-4803-B4A0-D536E2D8E878}.Debug|Any CPU.Build.0 = Debug|Any CPU
		{85FCC0AB-E38A-4803-B4A0-D536E2D8E878}.Release|Any CPU.ActiveCfg = Release|Any CPU
		{85FCC0AB-E38A-4803-B4A0-D536E2D8E878}.Release|Any CPU.Build.0 = Release|Any CPU
		{234A11A4-3056-4C7F-8F32-AE647034C564}.Debug|Any CPU.ActiveCfg = Debug|Any CPU
		{234A11A4-3056-4C7F-8F32-AE647034C564}.Debug|Any CPU.Build.0 = Debug|Any CPU
		{234A11A4-3056-4C7F-8F32-AE647034C564}.Release|Any CPU.ActiveCfg = Release|Any CPU
		{234A11A4-3056-4C7F-8F32-AE647034C564}.Release|Any CPU.Build.0 = Release|Any CPU
	EndGlobalSection
	GlobalSection(SolutionProperties) = preSolution
		HideSolutionNode = FALSE
	EndGlobalSection
	GlobalSection(ExtensibilityGlobals) = postSolution
		SolutionGuid = {662A0A8C-7995-46A4-B3B9-975BD0E9A304}
	EndGlobalSection
EndGlobal
