
Microsoft Visual Studio Solution File, Format Version 12.00
# Visual Studio Version 17
VisualStudioVersion = 17.5.33516.290
MinimumVisualStudioVersion = 10.0.40219.1
Project("{FAE04EC0-301F-11D3-BF4B-00C04F79EFBC}") = "01_operator", "01_operator\01_operator.csproj", "{1CB8F2E9-B6B9-435A-A0D0-18AC9B23100A}"
EndProject
Project("{FAE04EC0-301F-11D3-BF4B-00C04F79EFBC}") = "02_logiccondition", "02_logiccondition\02_logiccondition.csproj", "{81A4B758-83D9-4CFE-AF30-D215AE001003}"
EndProject
Project("{FAE04EC0-301F-11D3-BF4B-00C04F79EFBC}") = "03_methods", "03_methods\03_methods.csproj", "{38ABFA97-51BB-4F52-9426-6E8BADF94996}"
EndProject
Global
	GlobalSection(SolutionConfigurationPlatforms) = preSolution
		Debug|Any CPU = Debug|Any CPU
		Release|Any CPU = Release|Any CPU
	EndGlobalSection
	GlobalSection(ProjectConfigurationPlatforms) = postSolution
		{1CB8F2E9-B6B9-435A-A0D0-18AC9B23100A}.Debug|Any CPU.ActiveCfg = Debug|Any CPU
		{1CB8F2E9-B6B9-435A-A0D0-18AC9B23100A}.Debug|Any CPU.Build.0 = Debug|Any CPU
		{1CB8F2E9-B6B9-435A-A0D0-18AC9B23100A}.Release|Any CPU.ActiveCfg = Release|Any CPU
		{1CB8F2E9-B6B9-435A-A0D0-18AC9B23100A}.Release|Any CPU.Build.0 = Release|Any CPU
		{81A4B758-83D9-4CFE-AF30-D215AE001003}.Debug|Any CPU.ActiveCfg = Debug|Any CPU
		{81A4B758-83D9-4CFE-AF30-D215AE001003}.Debug|Any CPU.Build.0 = Debug|Any CPU
		{81A4B758-83D9-4CFE-AF30-D215AE001003}.Release|Any CPU.ActiveCfg = Release|Any CPU
		{81A4B758-83D9-4CFE-AF30-D215AE001003}.Release|Any CPU.Build.0 = Release|Any CPU
		{38ABFA97-51BB-4F52-9426-6E8BADF94996}.Debug|Any CPU.ActiveCfg = Debug|Any CPU
		{38ABFA97-51BB-4F52-9426-6E8BADF94996}.Debug|Any CPU.Build.0 = Debug|Any CPU
		{38ABFA97-51BB-4F52-9426-6E8BADF94996}.Release|Any CPU.ActiveCfg = Release|Any CPU
		{38ABFA97-51BB-4F52-9426-6E8BADF94996}.Release|Any CPU.Build.0 = Release|Any CPU
	EndGlobalSection
	GlobalSection(SolutionProperties) = preSolution
		HideSolutionNode = FALSE
	EndGlobalSection
	GlobalSection(ExtensibilityGlobals) = postSolution
		SolutionGuid = {F4929B51-C888-4B7A-B5C5-8CE5A72BD9BA}
	EndGlobalSection
EndGlobal
