
Microsoft Visual Studio Solution File, Format Version 12.00
# Visual Studio Version 17
VisualStudioVersion = 17.5.33516.290
MinimumVisualStudioVersion = 10.0.40219.1
Project("{FAE04EC0-301F-11D3-BF4B-00C04F79EFBC}") = "AladinBookSearch", "AladinBookSearch.csproj", "{6576A823-1B45-47CF-8B8B-9AE5588A7876}"
EndProject
Global
	GlobalSection(SolutionConfigurationPlatforms) = preSolution
		Debug|Any CPU = Debug|Any CPU
		Release|Any CPU = Release|Any CPU
	EndGlobalSection
	GlobalSection(ProjectConfigurationPlatforms) = postSolution
		{6576A823-1B45-47CF-8B8B-9AE5588A7876}.Debug|Any CPU.ActiveCfg = Debug|Any CPU
		{6576A823-1B45-47CF-8B8B-9AE5588A7876}.Debug|Any CPU.Build.0 = Debug|Any CPU
		{6576A823-1B45-47CF-8B8B-9AE5588A7876}.Release|Any CPU.ActiveCfg = Release|Any CPU
		{6576A823-1B45-47CF-8B8B-9AE5588A7876}.Release|Any CPU.Build.0 = Release|Any CPU
	EndGlobalSection
	GlobalSection(SolutionProperties) = preSolution
		HideSolutionNode = FALSE
	EndGlobalSection
	GlobalSection(ExtensibilityGlobals) = postSolution
		SolutionGuid = {876C6000-16C1-4BED-89F3-3017588C7B71}
	EndGlobalSection
EndGlobal
