
Microsoft Visual Studio Solution File, Format Version 12.00
# Visual Studio Version 17
VisualStudioVersion = 17.5.33516.290
MinimumVisualStudioVersion = 10.0.40219.1
Project("{FAE04EC0-301F-11D3-BF4B-00C04F79EFBC}") = "wf01_simplewinapp", "wf01_simplewinapp\wf01_simplewinapp.csproj", "{3DBE1132-14C2-4B75-9DBE-C178A850C7CF}"
EndProject
Project("{FAE04EC0-301F-11D3-BF4B-00C04F79EFBC}") = "wf02_realwinapp", "wf02_realwinapp\wf02_realwinapp.csproj", "{3DD91C9A-5BA0-4CFD-B518-FBDEFCC19954}"
EndProject
Project("{FAE04EC0-301F-11D3-BF4B-00C04F79EFBC}") = "wf03_property", "wf03_property\wf03_property.csproj", "{C126B184-32F5-43B4-8455-F5FC1E244F86}"
EndProject
Global
	GlobalSection(SolutionConfigurationPlatforms) = preSolution
		Debug|Any CPU = Debug|Any CPU
		Release|Any CPU = Release|Any CPU
	EndGlobalSection
	GlobalSection(ProjectConfigurationPlatforms) = postSolution
		{3DBE1132-14C2-4B75-9DBE-C178A850C7CF}.Debug|Any CPU.ActiveCfg = Debug|Any CPU
		{3DBE1132-14C2-4B75-9DBE-C178A850C7CF}.Debug|Any CPU.Build.0 = Debug|Any CPU
		{3DBE1132-14C2-4B75-9DBE-C178A850C7CF}.Release|Any CPU.ActiveCfg = Release|Any CPU
		{3DBE1132-14C2-4B75-9DBE-C178A850C7CF}.Release|Any CPU.Build.0 = Release|Any CPU
		{3DD91C9A-5BA0-4CFD-B518-FBDEFCC19954}.Debug|Any CPU.ActiveCfg = Debug|Any CPU
		{3DD91C9A-5BA0-4CFD-B518-FBDEFCC19954}.Debug|Any CPU.Build.0 = Debug|Any CPU
		{3DD91C9A-5BA0-4CFD-B518-FBDEFCC19954}.Release|Any CPU.ActiveCfg = Release|Any CPU
		{3DD91C9A-5BA0-4CFD-B518-FBDEFCC19954}.Release|Any CPU.Build.0 = Release|Any CPU
		{C126B184-32F5-43B4-8455-F5FC1E244F86}.Debug|Any CPU.ActiveCfg = Debug|Any CPU
		{C126B184-32F5-43B4-8455-F5FC1E244F86}.Debug|Any CPU.Build.0 = Debug|Any CPU
		{C126B184-32F5-43B4-8455-F5FC1E244F86}.Release|Any CPU.ActiveCfg = Release|Any CPU
		{C126B184-32F5-43B4-8455-F5FC1E244F86}.Release|Any CPU.Build.0 = Release|Any CPU
	EndGlobalSection
	GlobalSection(SolutionProperties) = preSolution
		HideSolutionNode = FALSE
	EndGlobalSection
	GlobalSection(ExtensibilityGlobals) = postSolution
		SolutionGuid = {9ABD3609-141B-4F6E-9492-0B9DE6A28D16}
	EndGlobalSection
EndGlobal
