
Microsoft Visual Studio Solution File, Format Version 12.00
# Visual Studio Version 17
VisualStudioVersion = 17.5.33516.290
MinimumVisualStudioVersion = 10.0.40219.1
Project("{FAE04EC0-301F-11D3-BF4B-00C04F79EFBC}") = "01_app", "01_app\01_app.csproj", "{02C6EB0F-70A8-42A7-A72D-C5E9EEDF2D7C}"
EndProject
Project("{FAE04EC0-301F-11D3-BF4B-00C04F79EFBC}") = "02_app", "02_app\02_app.csproj", "{5B944AE3-992F-4807-AE7B-91C63300DB1D}"
EndProject
Project("{FAE04EC0-301F-11D3-BF4B-00C04F79EFBC}") = "03_app", "03_app\03_app.csproj", "{E56967C0-490D-45FA-920C-1ABB57D1F225}"
EndProject
Project("{FAE04EC0-301F-11D3-BF4B-00C04F79EFBC}") = "04_app", "04_app\04_app.csproj", "{4E5B6AE1-4C1F-429C-A3C0-42ED499BADAE}"
EndProject
Project("{FAE04EC0-301F-11D3-BF4B-00C04F79EFBC}") = "05_app", "05_app\05_app.csproj", "{88B5AB84-0048-4893-8119-9050AE269C38}"
EndProject
Global
	GlobalSection(SolutionConfigurationPlatforms) = preSolution
		Debug|Any CPU = Debug|Any CPU
		Release|Any CPU = Release|Any CPU
	EndGlobalSection
	GlobalSection(ProjectConfigurationPlatforms) = postSolution
		{02C6EB0F-70A8-42A7-A72D-C5E9EEDF2D7C}.Debug|Any CPU.ActiveCfg = Debug|Any CPU
		{02C6EB0F-70A8-42A7-A72D-C5E9EEDF2D7C}.Debug|Any CPU.Build.0 = Debug|Any CPU
		{02C6EB0F-70A8-42A7-A72D-C5E9EEDF2D7C}.Release|Any CPU.ActiveCfg = Release|Any CPU
		{02C6EB0F-70A8-42A7-A72D-C5E9EEDF2D7C}.Release|Any CPU.Build.0 = Release|Any CPU
		{5B944AE3-992F-4807-AE7B-91C63300DB1D}.Debug|Any CPU.ActiveCfg = Debug|Any CPU
		{5B944AE3-992F-4807-AE7B-91C63300DB1D}.Debug|Any CPU.Build.0 = Debug|Any CPU
		{5B944AE3-992F-4807-AE7B-91C63300DB1D}.Release|Any CPU.ActiveCfg = Release|Any CPU
		{5B944AE3-992F-4807-AE7B-91C63300DB1D}.Release|Any CPU.Build.0 = Release|Any CPU
		{E56967C0-490D-45FA-920C-1ABB57D1F225}.Debug|Any CPU.ActiveCfg = Debug|Any CPU
		{E56967C0-490D-45FA-920C-1ABB57D1F225}.Debug|Any CPU.Build.0 = Debug|Any CPU
		{E56967C0-490D-45FA-920C-1ABB57D1F225}.Release|Any CPU.ActiveCfg = Release|Any CPU
		{E56967C0-490D-45FA-920C-1ABB57D1F225}.Release|Any CPU.Build.0 = Release|Any CPU
		{4E5B6AE1-4C1F-429C-A3C0-42ED499BADAE}.Debug|Any CPU.ActiveCfg = Debug|Any CPU
		{4E5B6AE1-4C1F-429C-A3C0-42ED499BADAE}.Debug|Any CPU.Build.0 = Debug|Any CPU
		{4E5B6AE1-4C1F-429C-A3C0-42ED499BADAE}.Release|Any CPU.ActiveCfg = Release|Any CPU
		{4E5B6AE1-4C1F-429C-A3C0-42ED499BADAE}.Release|Any CPU.Build.0 = Release|Any CPU
		{88B5AB84-0048-4893-8119-9050AE269C38}.Debug|Any CPU.ActiveCfg = Debug|Any CPU
		{88B5AB84-0048-4893-8119-9050AE269C38}.Debug|Any CPU.Build.0 = Debug|Any CPU
		{88B5AB84-0048-4893-8119-9050AE269C38}.Release|Any CPU.ActiveCfg = Release|Any CPU
		{88B5AB84-0048-4893-8119-9050AE269C38}.Release|Any CPU.Build.0 = Release|Any CPU
	EndGlobalSection
	GlobalSection(SolutionProperties) = preSolution
		HideSolutionNode = FALSE
	EndGlobalSection
	GlobalSection(ExtensibilityGlobals) = postSolution
		SolutionGuid = {A7DDF858-61EC-4DF1-8CA4-1E49A2F17056}
	EndGlobalSection
EndGlobal
